
Microsoft Visual Studio Solution File, Format Version 12.00
# Visual Studio Version 17
VisualStudioVersion = 17.5.33627.172
MinimumVisualStudioVersion = 10.0.40219.1
Project("{9A19103F-16F7-4668-BE54-9A1E7A4F7556}") = "DemoModels", "DemoModels\DemoModels.csproj", "{096822F0-D337-4DCC-8040-502513A608B0}"
EndProject
Project("{2150E333-8FDC-42A3-9474-1A3956D46DE8}") = "00 Database", "00 Database", "{81DE0E57-E0F7-4E02-8DDF-94528D861819}"
EndProject
Project("{2150E333-8FDC-42A3-9474-1A3956D46DE8}") = "03 Api", "03 Api", "{D6FC6F61-58BF-4ABA-AB73-ED75594900B5}"
EndProject
Project("{2150E333-8FDC-42A3-9474-1A3956D46DE8}") = "99 Tools", "99 Tools", "{34D1C070-CB4B-4931-819A-526C6FEE6953}"
EndProject
Project("{00D1A9C2-B5F0-4AF3-8072-F6C62B433612}") = "DemoDatabase", "DemoDatabase\DemoDatabase.sqlproj", "{23C70330-8F14-4E06-B374-D1AC5125AC75}"
EndProject
Project("{9A19103F-16F7-4668-BE54-9A1E7A4F7556}") = "Tools.Database", "Tools.Database\Tools.Database.csproj", "{13A0CDF8-5F5F-47BA-A430-CEFD3BAB63B9}"
EndProject
Project("{2150E333-8FDC-42A3-9474-1A3956D46DE8}") = "01 Models", "01 Models", "{47488D80-A5AC-4955-954B-5197BFE8F69A}"
EndProject
Project("{FAE04EC0-301F-11D3-BF4B-00C04F79EFBC}") = "Models", "Models\Models.csproj", "{6F191C80-3BFB-4B8A-9E31-389DA7413457}"
EndProject
Project("{FAE04EC0-301F-11D3-BF4B-00C04F79EFBC}") = "Tools.CQRS", "Tools.CQRS\Tools.CQRS.csproj", "{8F250DE7-DC8E-410E-A1C1-0838C497C00E}"
EndProject
Global
	GlobalSection(SolutionConfigurationPlatforms) = preSolution
		Debug|Any CPU = Debug|Any CPU
		Release|Any CPU = Release|Any CPU
	EndGlobalSection
	GlobalSection(ProjectConfigurationPlatforms) = postSolution
		{096822F0-D337-4DCC-8040-502513A608B0}.Debug|Any CPU.ActiveCfg = Debug|Any CPU
		{096822F0-D337-4DCC-8040-502513A608B0}.Debug|Any CPU.Build.0 = Debug|Any CPU
		{096822F0-D337-4DCC-8040-502513A608B0}.Release|Any CPU.ActiveCfg = Release|Any CPU
		{096822F0-D337-4DCC-8040-502513A608B0}.Release|Any CPU.Build.0 = Release|Any CPU
		{23C70330-8F14-4E06-B374-D1AC5125AC75}.Debug|Any CPU.ActiveCfg = Debug|Any CPU
		{23C70330-8F14-4E06-B374-D1AC5125AC75}.Debug|Any CPU.Build.0 = Debug|Any CPU
		{23C70330-8F14-4E06-B374-D1AC5125AC75}.Debug|Any CPU.Deploy.0 = Debug|Any CPU
		{23C70330-8F14-4E06-B374-D1AC5125AC75}.Release|Any CPU.ActiveCfg = Release|Any CPU
		{23C70330-8F14-4E06-B374-D1AC5125AC75}.Release|Any CPU.Build.0 = Release|Any CPU
		{23C70330-8F14-4E06-B374-D1AC5125AC75}.Release|Any CPU.Deploy.0 = Release|Any CPU
		{13A0CDF8-5F5F-47BA-A430-CEFD3BAB63B9}.Debug|Any CPU.ActiveCfg = Debug|Any CPU
		{13A0CDF8-5F5F-47BA-A430-CEFD3BAB63B9}.Debug|Any CPU.Build.0 = Debug|Any CPU
		{13A0CDF8-5F5F-47BA-A430-CEFD3BAB63B9}.Release|Any CPU.ActiveCfg = Release|Any CPU
		{13A0CDF8-5F5F-47BA-A430-CEFD3BAB63B9}.Release|Any CPU.Build.0 = Release|Any CPU
		{6F191C80-3BFB-4B8A-9E31-389DA7413457}.Debug|Any CPU.ActiveCfg = Debug|Any CPU
		{6F191C80-3BFB-4B8A-9E31-389DA7413457}.Debug|Any CPU.Build.0 = Debug|Any CPU
		{6F191C80-3BFB-4B8A-9E31-389DA7413457}.Release|Any CPU.ActiveCfg = Release|Any CPU
		{6F191C80-3BFB-4B8A-9E31-389DA7413457}.Release|Any CPU.Build.0 = Release|Any CPU
		{8F250DE7-DC8E-410E-A1C1-0838C497C00E}.Debug|Any CPU.ActiveCfg = Debug|Any CPU
		{8F250DE7-DC8E-410E-A1C1-0838C497C00E}.Debug|Any CPU.Build.0 = Debug|Any CPU
		{8F250DE7-DC8E-410E-A1C1-0838C497C00E}.Release|Any CPU.ActiveCfg = Release|Any CPU
		{8F250DE7-DC8E-410E-A1C1-0838C497C00E}.Release|Any CPU.Build.0 = Release|Any CPU
	EndGlobalSection
	GlobalSection(SolutionProperties) = preSolution
		HideSolutionNode = FALSE
	EndGlobalSection
	GlobalSection(NestedProjects) = preSolution
		{096822F0-D337-4DCC-8040-502513A608B0} = {D6FC6F61-58BF-4ABA-AB73-ED75594900B5}
		{23C70330-8F14-4E06-B374-D1AC5125AC75} = {81DE0E57-E0F7-4E02-8DDF-94528D861819}
		{13A0CDF8-5F5F-47BA-A430-CEFD3BAB63B9} = {34D1C070-CB4B-4931-819A-526C6FEE6953}
		{6F191C80-3BFB-4B8A-9E31-389DA7413457} = {47488D80-A5AC-4955-954B-5197BFE8F69A}
		{8F250DE7-DC8E-410E-A1C1-0838C497C00E} = {34D1C070-CB4B-4931-819A-526C6FEE6953}
	EndGlobalSection
	GlobalSection(ExtensibilityGlobals) = postSolution
		SolutionGuid = {49E1C587-3021-4112-85F0-89110FBC8669}
	EndGlobalSection
EndGlobal
